{
  "pins" : [
    {
      "identity" : "common_swiftui",
      "kind" : "remoteSourceControl",
      "location" : "https://github.com/Enryun/Common_SwiftUI",
      "state" : {
        "revision" : "8206aa6b18d0c66bb9ec688f14f5c15dccbe806a",
        "version" : "1.1.1"
      }
    }
  ],
  "version" : 2
}
